
Microsoft Visual Studio Solution File, Format Version 12.00
# Visual Studio 15
Project("{FAE04EC0-301F-11D3-BF4B-00C04F79EFBC}") = "Molina_RectangleApp", "Molina_RectangleApp.csproj", "{8E60E274-E582-45DE-96FB-4C92021FA8FF}"
EndProject
Global
	GlobalSection(SolutionConfigurationPlatforms) = preSolution
		Debug|Any CPU = Debug|Any CPU
		Release|Any CPU = Release|Any CPU
	EndGlobalSection
	GlobalSection(ProjectConfigurationPlatforms) = postSolution
		{8E60E274-E582-45DE-96FB-4C92021FA8FF}.Debug|Any CPU.ActiveCfg = Debug|Any CPU
		{8E60E274-E582-45DE-96FB-4C92021FA8FF}.Debug|Any CPU.Build.0 = Debug|Any CPU
		{8E60E274-E582-45DE-96FB-4C92021FA8FF}.Release|Any CPU.ActiveCfg = Release|Any CPU
		{8E60E274-E582-45DE-96FB-4C92021FA8FF}.Release|Any CPU.Build.0 = Release|Any CPU
	EndGlobalSection
EndGlobal
